// !$*UTF8*$!
{
	archiveVersion = 1;
	classes = {
	};
	objectVersion = 51;
	objects = {

/* Begin PBXBuildFile section */
		08CFCD396CC24903F5E2B089 /* Pods_Parstagram_ParstagramUITests.framework in Frameworks */ = {isa = PBXBuildFile; fileRef = A23DCADE3718CD913CFBF7D8 /* Pods_Parstagram_ParstagramUITests.framework */; };
		3B5D0BFEF398DEDECCDC0F8C /* Pods_Parstagram.framework in Frameworks */ = {isa = PBXBuildFile; fileRef = C1036E30C2AD4E9E513561B3 /* Pods_Parstagram.framework */; };
		A3565DD22603A88100D7EA62 /* AppDelegate.swift in Sources */ = {isa = PBXBuildFile; fileRef = A3565DD12603A88100D7EA62 /* AppDelegate.swift */; };
		A3565DD42603A88100D7EA62 /* SceneDelegate.swift in Sources */ = {isa = PBXBuildFile; fileRef = A3565DD32603A88100D7EA62 /* SceneDelegate.swift */; };
		A3565DD92603A88100D7EA62 /* Main.storyboard in Resources */ = {isa = PBXBuildFile; fileRef = A3565DD72603A88100D7EA62 /* Main.storyboard */; };
		A3565DDB2603A88500D7EA62 /* Assets.xcassets in Resources */ = {isa = PBXBuildFile; fileRef = A3565DDA2603A88500D7EA62 /* Assets.xcassets */; };
		A3565DDE2603A88500D7EA62 /* LaunchScreen.storyboard in Resources */ = {isa = PBXBuildFile; fileRef = A3565DDC2603A88500D7EA62 /* LaunchScreen.storyboard */; };
		A3565DE92603A88600D7EA62 /* ParstagramTests.swift in Sources */ = {isa = PBXBuildFile; fileRef = A3565DE82603A88600D7EA62 /* ParstagramTests.swift */; };
		A3565DF42603A88600D7EA62 /* ParstagramUITests.swift in Sources */ = {isa = PBXBuildFile; fileRef = A3565DF32603A88600D7EA62 /* ParstagramUITests.swift */; };
		A3565E052603E1A500D7EA62 /* LoginViewController.swift in Sources */ = {isa = PBXBuildFile; fileRef = A3565E042603E1A500D7EA62 /* LoginViewController.swift */; };
		A3565E0A2603E1B400D7EA62 /* FeedViewController.swift in Sources */ = {isa = PBXBuildFile; fileRef = A3565E092603E1B400D7EA62 /* FeedViewController.swift */; };
		A3565E18260538C800D7EA62 /* CameraViewController.swift in Sources */ = {isa = PBXBuildFile; fileRef = A3565E17260538C700D7EA62 /* CameraViewController.swift */; };
		A3565E33260545AC00D7EA62 /* PostCell.swift in Sources */ = {isa = PBXBuildFile; fileRef = A3565E32260545AC00D7EA62 /* PostCell.swift */; };
		A3A30521260D2F1600791C67 /* CommentCell.swift in Sources */ = {isa = PBXBuildFile; fileRef = A3A30520260D2F1600791C67 /* CommentCell.swift */; };
		E99232B215DC12F633E7B5F3 /* Pods_ParstagramTests.framework in Frameworks */ = {isa = PBXBuildFile; fileRef = F9D21593E40DF465BF38B3F0 /* Pods_ParstagramTests.framework */; };
/* End PBXBuildFile section */

/* Begin PBXContainerItemProxy section */
		A3565DE52603A88600D7EA62 /* PBXContainerItemProxy */ = {
			isa = PBXContainerItemProxy;
			containerPortal = A3565DC62603A88000D7EA62 /* Project object */;
			proxyType = 1;
			remoteGlobalIDString = A3565DCD2603A88000D7EA62;
			remoteInfo = Parstagram;
		};
		A3565DF02603A88600D7EA62 /* PBXContainerItemProxy */ = {
			isa = PBXContainerItemProxy;
			containerPortal = A3565DC62603A88000D7EA62 /* Project object */;
			proxyType = 1;
			remoteGlobalIDString = A3565DCD2603A88000D7EA62;
			remoteInfo = Parstagram;
		};
/* End PBXContainerItemProxy section */

/* Begin PBXFileReference section */
		2564E354B16647ED04BA90E2 /* Pods-ParstagramTests.debug.xcconfig */ = {isa = PBXFileReference; includeInIndex = 1; lastKnownFileType = text.xcconfig; name = "Pods-ParstagramTests.debug.xcconfig"; path = "Target Support Files/Pods-ParstagramTests/Pods-ParstagramTests.debug.xcconfig"; sourceTree = "<group>"; };
		55814ABDD4DEC5D48E43D8AD /* Pods-Parstagram.release.xcconfig */ = {isa = PBXFileReference; includeInIndex = 1; lastKnownFileType = text.xcconfig; name = "Pods-Parstagram.release.xcconfig"; path = "Target Support Files/Pods-Parstagram/Pods-Parstagram.release.xcconfig"; sourceTree = "<group>"; };
		7E7F9B205025515EBC522F16 /* Pods-Parstagram-ParstagramUITests.release.xcconfig */ = {isa = PBXFileReference; includeInIndex = 1; lastKnownFileType = text.xcconfig; name = "Pods-Parstagram-ParstagramUITests.release.xcconfig"; path = "Target Support Files/Pods-Parstagram-ParstagramUITests/Pods-Parstagram-ParstagramUITests.release.xcconfig"; sourceTree = "<group>"; };
		A23DCADE3718CD913CFBF7D8 /* Pods_Parstagram_ParstagramUITests.framework */ = {isa = PBXFileReference; explicitFileType = wrapper.framework; includeInIndex = 0; path = Pods_Parstagram_ParstagramUITests.framework; sourceTree = BUILT_PRODUCTS_DIR; };
		A3565DCE2603A88100D7EA62 /* Parstagram.app */ = {isa = PBXFileReference; explicitFileType = wrapper.application; includeInIndex = 0; path = Parstagram.app; sourceTree = BUILT_PRODUCTS_DIR; };
		A3565DD12603A88100D7EA62 /* AppDelegate.swift */ = {isa = PBXFileReference; lastKnownFileType = sourcecode.swift; path = AppDelegate.swift; sourceTree = "<group>"; };
		A3565DD32603A88100D7EA62 /* SceneDelegate.swift */ = {isa = PBXFileReference; lastKnownFileType = sourcecode.swift; path = SceneDelegate.swift; sourceTree = "<group>"; };
		A3565DD82603A88100D7EA62 /* Base */ = {isa = PBXFileReference; lastKnownFileType = file.storyboard; name = Base; path = Base.lproj/Main.storyboard; sourceTree = "<group>"; };
		A3565DDA2603A88500D7EA62 /* Assets.xcassets */ = {isa = PBXFileReference; lastKnownFileType = folder.assetcatalog; path = Assets.xcassets; sourceTree = "<group>"; };
		A3565DDD2603A88500D7EA62 /* Base */ = {isa = PBXFileReference; lastKnownFileType = file.storyboard; name = Base; path = Base.lproj/LaunchScreen.storyboard; sourceTree = "<group>"; };
		A3565DDF2603A88500D7EA62 /* Info.plist */ = {isa = PBXFileReference; lastKnownFileType = text.plist.xml; path = Info.plist; sourceTree = "<group>"; };
		A3565DE42603A88600D7EA62 /* ParstagramTests.xctest */ = {isa = PBXFileReference; explicitFileType = wrapper.cfbundle; includeInIndex = 0; path = ParstagramTests.xctest; sourceTree = BUILT_PRODUCTS_DIR; };
		A3565DE82603A88600D7EA62 /* ParstagramTests.swift */ = {isa = PBXFileReference; lastKnownFileType = sourcecode.swift; path = ParstagramTests.swift; sourceTree = "<group>"; };
		A3565DEA2603A88600D7EA62 /* Info.plist */ = {isa = PBXFileReference; lastKnownFileType = text.plist.xml; path = Info.plist; sourceTree = "<group>"; };
		A3565DEF2603A88600D7EA62 /* ParstagramUITests.xctest */ = {isa = PBXFileReference; explicitFileType = wrapper.cfbundle; includeInIndex = 0; path = ParstagramUITests.xctest; sourceTree = BUILT_PRODUCTS_DIR; };
		A3565DF32603A88600D7EA62 /* ParstagramUITests.swift */ = {isa = PBXFileReference; lastKnownFileType = sourcecode.swift; path = ParstagramUITests.swift; sourceTree = "<group>"; };
		A3565DF52603A88600D7EA62 /* Info.plist */ = {isa = PBXFileReference; lastKnownFileType = text.plist.xml; path = Info.plist; sourceTree = "<group>"; };
		A3565E042603E1A500D7EA62 /* LoginViewController.swift */ = {isa = PBXFileReference; lastKnownFileType = sourcecode.swift; path = LoginViewController.swift; sourceTree = "<group>"; };
		A3565E092603E1B400D7EA62 /* FeedViewController.swift */ = {isa = PBXFileReference; lastKnownFileType = sourcecode.swift; path = FeedViewController.swift; sourceTree = "<group>"; };
		A3565E17260538C700D7EA62 /* CameraViewController.swift */ = {isa = PBXFileReference; lastKnownFileType = sourcecode.swift; path = CameraViewController.swift; sourceTree = "<group>"; };
		A3565E32260545AC00D7EA62 /* PostCell.swift */ = {isa = PBXFileReference; lastKnownFileType = sourcecode.swift; path = PostCell.swift; sourceTree = "<group>"; };
		A3A30520260D2F1600791C67 /* CommentCell.swift */ = {isa = PBXFileReference; lastKnownFileType = sourcecode.swift; path = CommentCell.swift; sourceTree = "<group>"; };
		C1036E30C2AD4E9E513561B3 /* Pods_Parstagram.framework */ = {isa = PBXFileReference; explicitFileType = wrapper.framework; includeInIndex = 0; path = Pods_Parstagram.framework; sourceTree = BUILT_PRODUCTS_DIR; };
		D84B0029A068633F84D7EC7E /* Pods-ParstagramTests.release.xcconfig */ = {isa = PBXFileReference; includeInIndex = 1; lastKnownFileType = text.xcconfig; name = "Pods-ParstagramTests.release.xcconfig"; path = "Target Support Files/Pods-ParstagramTests/Pods-ParstagramTests.release.xcconfig"; sourceTree = "<group>"; };
		E84FAA632A3E08B272EE8867 /* Pods-Parstagram-ParstagramUITests.debug.xcconfig */ = {isa = PBXFileReference; includeInIndex = 1; lastKnownFileType = text.xcconfig; name = "Pods-Parstagram-ParstagramUITests.debug.xcconfig"; path = "Target Support Files/Pods-Parstagram-ParstagramUITests/Pods-Parstagram-ParstagramUITests.debug.xcconfig"; sourceTree = "<group>"; };
		F0879D8D796B399E751A290F /* Pods-Parstagram.debug.xcconfig */ = {isa = PBXFileReference; includeInIndex = 1; lastKnownFileType = text.xcconfig; name = "Pods-Parstagram.debug.xcconfig"; path = "Target Support Files/Pods-Parstagram/Pods-Parstagram.debug.xcconfig"; sourceTree = "<group>"; };
		F9D21593E40DF465BF38B3F0 /* Pods_ParstagramTests.framework */ = {isa = PBXFileReference; explicitFileType = wrapper.framework; includeInIndex = 0; path = Pods_ParstagramTests.framework; sourceTree = BUILT_PRODUCTS_DIR; };
/* End PBXFileReference section */

/* Begin PBXFrameworksBuildPhase section */
		A3565DCB2603A88000D7EA62 /* Frameworks */ = {
			isa = PBXFrameworksBuildPhase;
			buildActionMask = 2147483647;
			files = (
				3B5D0BFEF398DEDECCDC0F8C /* Pods_Parstagram.framework in Frameworks */,
			);
			runOnlyForDeploymentPostprocessing = 0;
		};
		A3565DE12603A88600D7EA62 /* Frameworks */ = {
			isa = PBXFrameworksBuildPhase;
			buildActionMask = 2147483647;
			files = (
				E99232B215DC12F633E7B5F3 /* Pods_ParstagramTests.framework in Frameworks */,
			);
			runOnlyForDeploymentPostprocessing = 0;
		};
		A3565DEC2603A88600D7EA62 /* Frameworks */ = {
			isa = PBXFrameworksBuildPhase;
			buildActionMask = 2147483647;
			files = (
				08CFCD396CC24903F5E2B089 /* Pods_Parstagram_ParstagramUITests.framework in Frameworks */,
			);
			runOnlyForDeploymentPostprocessing = 0;
		};
/* End PBXFrameworksBuildPhase section */

/* Begin PBXGroup section */
		495BC33887DFCCB50DFD585C /* Frameworks */ = {
			isa = PBXGroup;
			children = (
				C1036E30C2AD4E9E513561B3 /* Pods_Parstagram.framework */,
				A23DCADE3718CD913CFBF7D8 /* Pods_Parstagram_ParstagramUITests.framework */,
				F9D21593E40DF465BF38B3F0 /* Pods_ParstagramTests.framework */,
			);
			name = Frameworks;
			sourceTree = "<group>";
		};
		6CE668E571C0FED2F01C63D6 /* Pods */ = {
			isa = PBXGroup;
			children = (
				F0879D8D796B399E751A290F /* Pods-Parstagram.debug.xcconfig */,
				55814ABDD4DEC5D48E43D8AD /* Pods-Parstagram.release.xcconfig */,
				E84FAA632A3E08B272EE8867 /* Pods-Parstagram-ParstagramUITests.debug.xcconfig */,
				7E7F9B205025515EBC522F16 /* Pods-Parstagram-ParstagramUITests.release.xcconfig */,
				2564E354B16647ED04BA90E2 /* Pods-ParstagramTests.debug.xcconfig */,
				D84B0029A068633F84D7EC7E /* Pods-ParstagramTests.release.xcconfig */,
			);
			path = Pods;
			sourceTree = "<group>";
		};
		A3565DC52603A88000D7EA62 = {
			isa = PBXGroup;
			children = (
				A3565DD02603A88100D7EA62 /* Parstagram */,
				A3565DE72603A88600D7EA62 /* ParstagramTests */,
				A3565DF22603A88600D7EA62 /* ParstagramUITests */,
				A3565DCF2603A88100D7EA62 /* Products */,
				6CE668E571C0FED2F01C63D6 /* Pods */,
				495BC33887DFCCB50DFD585C /* Frameworks */,
			);
			sourceTree = "<group>";
		};
		A3565DCF2603A88100D7EA62 /* Products */ = {
			isa = PBXGroup;
			children = (
				A3565DCE2603A88100D7EA62 /* Parstagram.app */,
				A3565DE42603A88600D7EA62 /* ParstagramTests.xctest */,
				A3565DEF2603A88600D7EA62 /* ParstagramUITests.xctest */,
			);
			name = Products;
			sourceTree = "<group>";
		};
		A3565DD02603A88100D7EA62 /* Parstagram */ = {
			isa = PBXGroup;
			children = (
				A3565DD12603A88100D7EA62 /* AppDelegate.swift */,
				A3565DD32603A88100D7EA62 /* SceneDelegate.swift */,
				A3565DD72603A88100D7EA62 /* Main.storyboard */,
				A3565DDA2603A88500D7EA62 /* Assets.xcassets */,
				A3565DDC2603A88500D7EA62 /* LaunchScreen.storyboard */,
				A3565DDF2603A88500D7EA62 /* Info.plist */,
				A3565E042603E1A500D7EA62 /* LoginViewController.swift */,
				A3565E092603E1B400D7EA62 /* FeedViewController.swift */,
				A3565E17260538C700D7EA62 /* CameraViewController.swift */,
				A3565E32260545AC00D7EA62 /* PostCell.swift */,
				A3A30520260D2F1600791C67 /* CommentCell.swift */,
			);
			path = Parstagram;
			sourceTree = "<group>";
		};
		A3565DE72603A88600D7EA62 /* ParstagramTests */ = {
			isa = PBXGroup;
			children = (
				A3565DE82603A88600D7EA62 /* ParstagramTests.swift */,
				A3565DEA2603A88600D7EA62 /* Info.plist */,
			);
			path = ParstagramTests;
			sourceTree = "<group>";
		};
		A3565DF22603A88600D7EA62 /* ParstagramUITests */ = {
			isa = PBXGroup;
			children = (
				A3565DF32603A88600D7EA62 /* ParstagramUITests.swift */,
				A3565DF52603A88600D7EA62 /* Info.plist */,
			);
			path = ParstagramUITests;
			sourceTree = "<group>";
		};
/* End PBXGroup section */

/* Begin PBXNativeTarget section */
		A3565DCD2603A88000D7EA62 /* Parstagram */ = {
			isa = PBXNativeTarget;
			buildConfigurationList = A3565DF82603A88600D7EA62 /* Build configuration list for PBXNativeTarget "Parstagram" */;
			buildPhases = (
				DFAE14832288903267E4AFFD /* [CP] Check Pods Manifest.lock */,
				A3565DCA2603A88000D7EA62 /* Sources */,
				A3565DCB2603A88000D7EA62 /* Frameworks */,
				A3565DCC2603A88000D7EA62 /* Resources */,
				75E42A9192240BF8658B092E /* [CP] Embed Pods Frameworks */,
			);
			buildRules = (
			);
			dependencies = (
			);
			name = Parstagram;
			productName = Parstagram;
			productReference = A3565DCE2603A88100D7EA62 /* Parstagram.app */;
			productType = "com.apple.product-type.application";
		};
		A3565DE32603A88600D7EA62 /* ParstagramTests */ = {
			isa = PBXNativeTarget;
			buildConfigurationList = A3565DFB2603A88600D7EA62 /* Build configuration list for PBXNativeTarget "ParstagramTests" */;
			buildPhases = (
				0E8E6E323D84323CBD9BA141 /* [CP] Check Pods Manifest.lock */,
				A3565DE02603A88600D7EA62 /* Sources */,
				A3565DE12603A88600D7EA62 /* Frameworks */,
				A3565DE22603A88600D7EA62 /* Resources */,
			);
			buildRules = (
			);
			dependencies = (
				A3565DE62603A88600D7EA62 /* PBXTargetDependency */,
			);
			name = ParstagramTests;
			productName = ParstagramTests;
			productReference = A3565DE42603A88600D7EA62 /* ParstagramTests.xctest */;
			productType = "com.apple.product-type.bundle.unit-test";
		};
		A3565DEE2603A88600D7EA62 /* ParstagramUITests */ = {
			isa = PBXNativeTarget;
			buildConfigurationList = A3565DFE2603A88600D7EA62 /* Build configuration list for PBXNativeTarget "ParstagramUITests" */;
			buildPhases = (
				E59716AFB75F92114236C437 /* [CP] Check Pods Manifest.lock */,
				A3565DEB2603A88600D7EA62 /* Sources */,
				A3565DEC2603A88600D7EA62 /* Frameworks */,
				A3565DED2603A88600D7EA62 /* Resources */,
				632F0A0B05B8C76D17D5EBAB /* [CP] Embed Pods Frameworks */,
			);
			buildRules = (
			);
			dependencies = (
				A3565DF12603A88600D7EA62 /* PBXTargetDependency */,
			);
			name = ParstagramUITests;
			productName = ParstagramUITests;
			productReference = A3565DEF2603A88600D7EA62 /* ParstagramUITests.xctest */;
			productType = "com.apple.product-type.bundle.ui-testing";
		};
/* End PBXNativeTarget section */

/* Begin PBXProject section */
		A3565DC62603A88000D7EA62 /* Project object */ = {
			isa = PBXProject;
			attributes = {
				LastSwiftUpdateCheck = 1220;
				LastUpgradeCheck = 1220;
				TargetAttributes = {
					A3565DCD2603A88000D7EA62 = {
						CreatedOnToolsVersion = 12.2;
					};
					A3565DE32603A88600D7EA62 = {
						CreatedOnToolsVersion = 12.2;
						TestTargetID = A3565DCD2603A88000D7EA62;
					};
					A3565DEE2603A88600D7EA62 = {
						CreatedOnToolsVersion = 12.2;
						TestTargetID = A3565DCD2603A88000D7EA62;
					};
				};
			};
			buildConfigurationList = A3565DC92603A88000D7EA62 /* Build configuration list for PBXProject "Parstagram" */;
			compatibilityVersion = "Xcode 9.3";
			developmentRegion = en;
			hasScannedForEncodings = 0;
			knownRegions = (
				en,
				Base,
			);
			mainGroup = A3565DC52603A88000D7EA62;
			productRefGroup = A3565DCF2603A88100D7EA62 /* Products */;
			projectDirPath = "";
			projectRoot = "";
			targets = (
				A3565DCD2603A88000D7EA62 /* Parstagram */,
				A3565DE32603A88600D7EA62 /* ParstagramTests */,
				A3565DEE2603A88600D7EA62 /* ParstagramUITests */,
			);
		};
/* End PBXProject section */

/* Begin PBXResourcesBuildPhase section */
		A3565DCC2603A88000D7EA62 /* Resources */ = {
			isa = PBXResourcesBuildPhase;
			buildActionMask = 2147483647;
			files = (
				A3565DDE2603A88500D7EA62 /* LaunchScreen.storyboard in Resources */,
				A3565DDB2603A88500D7EA62 /* Assets.xcassets in Resources */,
				A3565DD92603A88100D7EA62 /* Main.storyboard in Resources */,
			);
			runOnlyForDeploymentPostprocessing = 0;
		};
		A3565DE22603A88600D7EA62 /* Resources */ = {
			isa = PBXResourcesBuildPhase;
			buildActionMask = 2147483647;
			files = (
			);
			runOnlyForDeploymentPostprocessing = 0;
		};
		A3565DED2603A88600D7EA62 /* Resources */ = {
			isa = PBXResourcesBuildPhase;
			buildActionMask = 2147483647;
			files = (
			);
			runOnlyForDeploymentPostprocessing = 0;
		};
/* End PBXResourcesBuildPhase section */

/* Begin PBXShellScriptBuildPhase section */
		0E8E6E323D84323CBD9BA141 /* [CP] Check Pods Manifest.lock */ = {
			isa = PBXShellScriptBuildPhase;
			buildActionMask = 2147483647;
			files = (
			);
			inputFileListPaths = (
			);
			inputPaths = (
				"${PODS_PODFILE_DIR_PATH}/Podfile.lock",
				"${PODS_ROOT}/Manifest.lock",
			);
			name = "[CP] Check Pods Manifest.lock";
			outputFileListPaths = (
			);
			outputPaths = (
				"$(DERIVED_FILE_DIR)/Pods-ParstagramTests-checkManifestLockResult.txt",
			);
			runOnlyForDeploymentPostprocessing = 0;
			shellPath = /bin/sh;
			shellScript = "diff \"${PODS_PODFILE_DIR_PATH}/Podfile.lock\" \"${PODS_ROOT}/Manifest.lock\" > /dev/null\nif [ $? != 0 ] ; then\n    # print error to STDERR\n    echo \"error: The sandbox is not in sync with the Podfile.lock. Run 'pod install' or update your CocoaPods installation.\" >&2\n    exit 1\nfi\n# This output is used by Xcode 'outputs' to avoid re-running this script phase.\necho \"SUCCESS\" > \"${SCRIPT_OUTPUT_FILE_0}\"\n";
			showEnvVarsInLog = 0;
		};
		632F0A0B05B8C76D17D5EBAB /* [CP] Embed Pods Frameworks */ = {
			isa = PBXShellScriptBuildPhase;
			buildActionMask = 2147483647;
			files = (
			);
			inputFileListPaths = (
				"${PODS_ROOT}/Target Support Files/Pods-Parstagram-ParstagramUITests/Pods-Parstagram-ParstagramUITests-frameworks-${CONFIGURATION}-input-files.xcfilelist",
			);
			name = "[CP] Embed Pods Frameworks";
			outputFileListPaths = (
				"${PODS_ROOT}/Target Support Files/Pods-Parstagram-ParstagramUITests/Pods-Parstagram-ParstagramUITests-frameworks-${CONFIGURATION}-output-files.xcfilelist",
			);
			runOnlyForDeploymentPostprocessing = 0;
			shellPath = /bin/sh;
			shellScript = "\"${PODS_ROOT}/Target Support Files/Pods-Parstagram-ParstagramUITests/Pods-Parstagram-ParstagramUITests-frameworks.sh\"\n";
			showEnvVarsInLog = 0;
		};
		75E42A9192240BF8658B092E /* [CP] Embed Pods Frameworks */ = {
			isa = PBXShellScriptBuildPhase;
			buildActionMask = 2147483647;
			files = (
			);
			inputFileListPaths = (
				"${PODS_ROOT}/Target Support Files/Pods-Parstagram/Pods-Parstagram-frameworks-${CONFIGURATION}-input-files.xcfilelist",
			);
			name = "[CP] Embed Pods Frameworks";
			outputFileListPaths = (
				"${PODS_ROOT}/Target Support Files/Pods-Parstagram/Pods-Parstagram-frameworks-${CONFIGURATION}-output-files.xcfilelist",
			);
			runOnlyForDeploymentPostprocessing = 0;
			shellPath = /bin/sh;
			shellScript = "\"${PODS_ROOT}/Target Support Files/Pods-Parstagram/Pods-Parstagram-frameworks.sh\"\n";
			showEnvVarsInLog = 0;
		};
		DFAE14832288903267E4AFFD /* [CP] Check Pods Manifest.lock */ = {
			isa = PBXShellScriptBuildPhase;
			buildActionMask = 2147483647;
			files = (
			);
			inputFileListPaths = (
			);
			inputPaths = (
				"${PODS_PODFILE_DIR_PATH}/Podfile.lock",
				"${PODS_ROOT}/Manifest.lock",
			);
			name = "[CP] Check Pods Manifest.lock";
			outputFileListPaths = (
			);
			outputPaths = (
				"$(DERIVED_FILE_DIR)/Pods-Parstagram-checkManifestLockResult.txt",
			);
			runOnlyForDeploymentPostprocessing = 0;
			shellPath = /bin/sh;
			shellScript = "diff \"${PODS_PODFILE_DIR_PATH}/Podfile.lock\" \"${PODS_ROOT}/Manifest.lock\" > /dev/null\nif [ $? != 0 ] ; then\n    # print error to STDERR\n    echo \"error: The sandbox is not in sync with the Podfile.lock. Run 'pod install' or update your CocoaPods installation.\" >&2\n    exit 1\nfi\n# This output is used by Xcode 'outputs' to avoid re-running this script phase.\necho \"SUCCESS\" > \"${SCRIPT_OUTPUT_FILE_0}\"\n";
			showEnvVarsInLog = 0;
		};
		E59716AFB75F92114236C437 /* [CP] Check Pods Manifest.lock */ = {
			isa = PBXShellScriptBuildPhase;
			buildActionMask = 2147483647;
			files = (
			);
			inputFileListPaths = (
			);
			inputPaths = (
				"${PODS_PODFILE_DIR_PATH}/Podfile.lock",
				"${PODS_ROOT}/Manifest.lock",
			);
			name = "[CP] Check Pods Manifest.lock";
			outputFileListPaths = (
			);
			outputPaths = (
				"$(DERIVED_FILE_DIR)/Pods-Parstagram-ParstagramUITests-checkManifestLockResult.txt",
			);
			runOnlyForDeploymentPostprocessing = 0;
			shellPath = /bin/sh;
			shellScript = "diff \"${PODS_PODFILE_DIR_PATH}/Podfile.lock\" \"${PODS_ROOT}/Manifest.lock\" > /dev/null\nif [ $? != 0 ] ; then\n    # print error to STDERR\n    echo \"error: The sandbox is not in sync with the Podfile.lock. Run 'pod install' or update your CocoaPods installation.\" >&2\n    exit 1\nfi\n# This output is used by Xcode 'outputs' to avoid re-running this script phase.\necho \"SUCCESS\" > \"${SCRIPT_OUTPUT_FILE_0}\"\n";
			showEnvVarsInLog = 0;
		};
/* End PBXShellScriptBuildPhase section */

/* Begin PBXSourcesBuildPhase section */
		A3565DCA2603A88000D7EA62 /* Sources */ = {
			isa = PBXSourcesBuildPhase;
			buildActionMask = 2147483647;
			files = (
				A3565E052603E1A500D7EA62 /* LoginViewController.swift in Sources */,
				A3565E18260538C800D7EA62 /* CameraViewController.swift in Sources */,
				A3565DD22603A88100D7EA62 /* AppDelegate.swift in Sources */,
				A3565E0A2603E1B400D7EA62 /* FeedViewController.swift in Sources */,
				A3565DD42603A88100D7EA62 /* SceneDelegate.swift in Sources */,
				A3565E33260545AC00D7EA62 /* PostCell.swift in Sources */,
				A3A30521260D2F1600791C67 /* CommentCell.swift in Sources */,
			);
			runOnlyForDeploymentPostprocessing = 0;
		};
		A3565DE02603A88600D7EA62 /* Sources */ = {
			isa = PBXSourcesBuildPhase;
			buildActionMask = 2147483647;
			files = (
				A3565DE92603A88600D7EA62 /* ParstagramTests.swift in Sources */,
			);
			runOnlyForDeploymentPostprocessing = 0;
		};
		A3565DEB2603A88600D7EA62 /* Sources */ = {
			isa = PBXSourcesBuildPhase;
			buildActionMask = 2147483647;
			files = (
				A3565DF42603A88600D7EA62 /* ParstagramUITests.swift in Sources */,
			);
			runOnlyForDeploymentPostprocessing = 0;
		};
/* End PBXSourcesBuildPhase section */

/* Begin PBXTargetDependency section */
		A3565DE62603A88600D7EA62 /* PBXTargetDependency */ = {
			isa = PBXTargetDependency;
			target = A3565DCD2603A88000D7EA62 /* Parstagram */;
			targetProxy = A3565DE52603A88600D7EA62 /* PBXContainerItemProxy */;
		};
		A3565DF12603A88600D7EA62 /* PBXTargetDependency */ = {
			isa = PBXTargetDependency;
			target = A3565DCD2603A88000D7EA62 /* Parstagram */;
			targetProxy = A3565DF02603A88600D7EA62 /* PBXContainerItemProxy */;
		};
/* End PBXTargetDependency section */

/* Begin PBXVariantGroup section */
		A3565DD72603A88100D7EA62 /* Main.storyboard */ = {
			isa = PBXVariantGroup;
			children = (
				A3565DD82603A88100D7EA62 /* Base */,
			);
			name = Main.storyboard;
			sourceTree = "<group>";
		};
		A3565DDC2603A88500D7EA62 /* LaunchScreen.storyboard */ = {
			isa = PBXVariantGroup;
			children = (
				A3565DDD2603A88500D7EA62 /* Base */,
			);
			name = LaunchScreen.storyboard;
			sourceTree = "<group>";
		};
/* End PBXVariantGroup section */

/* Begin XCBuildConfiguration section */
		A3565DF62603A88600D7EA62 /* Debug */ = {
			isa = XCBuildConfiguration;
			buildSettings = {
				ALWAYS_SEARCH_USER_PATHS = NO;
				CLANG_ANALYZER_NONNULL = YES;
				CLANG_ANALYZER_NUMBER_OBJECT_CONVERSION = YES_AGGRESSIVE;
				CLANG_CXX_LANGUAGE_STANDARD = "gnu++14";
				CLANG_CXX_LIBRARY = "libc++";
				CLANG_ENABLE_MODULES = YES;
				CLANG_ENABLE_OBJC_ARC = YES;
				CLANG_ENABLE_OBJC_WEAK = YES;
				CLANG_WARN_BLOCK_CAPTURE_AUTORELEASING = YES;
				CLANG_WARN_BOOL_CONVERSION = YES;
				CLANG_WARN_COMMA = YES;
				CLANG_WARN_CONSTANT_CONVERSION = YES;
				CLANG_WARN_DEPRECATED_OBJC_IMPLEMENTATIONS = YES;
				CLANG_WARN_DIRECT_OBJC_ISA_USAGE = YES_ERROR;
				CLANG_WARN_DOCUMENTATION_COMMENTS = YES;
				CLANG_WARN_EMPTY_BODY = YES;
				CLANG_WARN_ENUM_CONVERSION = YES;
				CLANG_WARN_INFINITE_RECURSION = YES;
				CLANG_WARN_INT_CONVERSION = YES;
				CLANG_WARN_NON_LITERAL_NULL_CONVERSION = YES;
				CLANG_WARN_OBJC_IMPLICIT_RETAIN_SELF = YES;
				CLANG_WARN_OBJC_LITERAL_CONVERSION = YES;
				CLANG_WARN_OBJC_ROOT_CLASS = YES_ERROR;
				CLANG_WARN_QUOTED_INCLUDE_IN_FRAMEWORK_HEADER = YES;
				CLANG_WARN_RANGE_LOOP_ANALYSIS = YES;
				CLANG_WARN_STRICT_PROTOTYPES = YES;
				CLANG_WARN_SUSPICIOUS_MOVE = YES;
				CLANG_WARN_UNGUARDED_AVAILABILITY = YES_AGGRESSIVE;
				CLANG_WARN_UNREACHABLE_CODE = YES;
				CLANG_WARN__DUPLICATE_METHOD_MATCH = YES;
				COPY_PHASE_STRIP = NO;
				DEBUG_INFORMATION_FORMAT = dwarf;
				ENABLE_STRICT_OBJC_MSGSEND = YES;
				ENABLE_TESTABILITY = YES;
				GCC_C_LANGUAGE_STANDARD = gnu11;
				GCC_DYNAMIC_NO_PIC = NO;
				GCC_NO_COMMON_BLOCKS = YES;
				GCC_OPTIMIZATION_LEVEL = 0;
				GCC_PREPROCESSOR_DEFINITIONS = (
					"DEBUG=1",
					"$(inherited)",
				);
				GCC_WARN_64_TO_32_BIT_CONVERSION = YES;
				GCC_WARN_ABOUT_RETURN_TYPE = YES_ERROR;
				GCC_WARN_UNDECLARED_SELECTOR = YES;
				GCC_WARN_UNINITIALIZED_AUTOS = YES_AGGRESSIVE;
				GCC_WARN_UNUSED_FUNCTION = YES;
				GCC_WARN_UNUSED_VARIABLE = YES;
				IPHONEOS_DEPLOYMENT_TARGET = 14.2;
				MTL_ENABLE_DEBUG_INFO = INCLUDE_SOURCE;
				MTL_FAST_MATH = YES;
				ONLY_ACTIVE_ARCH = YES;
				SDKROOT = iphoneos;
				SWIFT_ACTIVE_COMPILATION_CONDITIONS = DEBUG;
				SWIFT_OPTIMIZATION_LEVEL = "-Onone";
			};
			name = Debug;
		};
		A3565DF72603A88600D7EA62 /* Release */ = {
			isa = XCBuildConfiguration;
			buildSettings = {
				ALWAYS_SEARCH_USER_PATHS = NO;
				CLANG_ANALYZER_NONNULL = YES;
				CLANG_ANALYZER_NUMBER_OBJECT_CONVERSION = YES_AGGRESSIVE;
				CLANG_CXX_LANGUAGE_STANDARD = "gnu++14";
				CLANG_CXX_LIBRARY = "libc++";
				CLANG_ENABLE_MODULES = YES;
				CLANG_ENABLE_OBJC_ARC = YES;
				CLANG_ENABLE_OBJC_WEAK = YES;
				CLANG_WARN_BLOCK_CAPTURE_AUTORELEASING = YES;
				CLANG_WARN_BOOL_CONVERSION = YES;
				CLANG_WARN_COMMA = YES;
				CLANG_WARN_CONSTANT_CONVERSION = YES;
				CLANG_WARN_DEPRECATED_OBJC_IMPLEMENTATIONS = YES;
				CLANG_WARN_DIRECT_OBJC_ISA_USAGE = YES_ERROR;
				CLANG_WARN_DOCUMENTATION_COMMENTS = YES;
				CLANG_WARN_EMPTY_BODY = YES;
				CLANG_WARN_ENUM_CONVERSION = YES;
				CLANG_WARN_INFINITE_RECURSION = YES;
				CLANG_WARN_INT_CONVERSION = YES;
				CLANG_WARN_NON_LITERAL_NULL_CONVERSION = YES;
				CLANG_WARN_OBJC_IMPLICIT_RETAIN_SELF = YES;
				CLANG_WARN_OBJC_LITERAL_CONVERSION = YES;
				CLANG_WARN_OBJC_ROOT_CLASS = YES_ERROR;
				CLANG_WARN_QUOTED_INCLUDE_IN_FRAMEWORK_HEADER = YES;
				CLANG_WARN_RANGE_LOOP_ANALYSIS = YES;
				CLANG_WARN_STRICT_PROTOTYPES = YES;
				CLANG_WARN_SUSPICIOUS_MOVE = YES;
				CLANG_WARN_UNGUARDED_AVAILABILITY = YES_AGGRESSIVE;
				CLANG_WARN_UNREACHABLE_CODE = YES;
				CLANG_WARN__DUPLICATE_METHOD_MATCH = YES;
				COPY_PHASE_STRIP = NO;
				DEBUG_INFORMATION_FORMAT = "dwarf-with-dsym";
				ENABLE_NS_ASSERTIONS = NO;
				ENABLE_STRICT_OBJC_MSGSEND = YES;
				GCC_C_LANGUAGE_STANDARD = gnu11;
				GCC_NO_COMMON_BLOCKS = YES;
				GCC_WARN_64_TO_32_BIT_CONVERSION = YES;
				GCC_WARN_ABOUT_RETURN_TYPE = YES_ERROR;
				GCC_WARN_UNDECLARED_SELECTOR = YES;
				GCC_WARN_UNINITIALIZED_AUTOS = YES_AGGRESSIVE;
				GCC_WARN_UNUSED_FUNCTION = YES;
				GCC_WARN_UNUSED_VARIABLE = YES;
				IPHONEOS_DEPLOYMENT_TARGET = 14.2;
				MTL_ENABLE_DEBUG_INFO = NO;
				MTL_FAST_MATH = YES;
				SDKROOT = iphoneos;
				SWIFT_COMPILATION_MODE = wholemodule;
				SWIFT_OPTIMIZATION_LEVEL = "-O";
				VALIDATE_PRODUCT = YES;
			};
			name = Release;
		};
		A3565DF92603A88600D7EA62 /* Debug */ = {
			isa = XCBuildConfiguration;
			baseConfigurationReference = F0879D8D796B399E751A290F /* Pods-Parstagram.debug.xcconfig */;
			buildSettings = {
				ASSETCATALOG_COMPILER_APPICON_NAME = AppIcon;
				ASSETCATALOG_COMPILER_GLOBAL_ACCENT_COLOR_NAME = AccentColor;
				CODE_SIGN_STYLE = Automatic;
				INFOPLIST_FILE = Parstagram/Info.plist;
				LD_RUNPATH_SEARCH_PATHS = (
					"$(inherited)",
					"@executable_path/Frameworks",
				);
				PRODUCT_BUNDLE_IDENTIFIER = Codepath.Parstagram;
				PRODUCT_NAME = "$(TARGET_NAME)";
				SWIFT_VERSION = 5.0;
				TARGETED_DEVICE_FAMILY = "1,2";
			};
			name = Debug;
		};
		A3565DFA2603A88600D7EA62 /* Release */ = {
			isa = XCBuildConfiguration;
			baseConfigurationReference = 55814ABDD4DEC5D48E43D8AD /* Pods-Parstagram.release.xcconfig */;
			buildSettings = {
				ASSETCATALOG_COMPILER_APPICON_NAME = AppIcon;
				ASSETCATALOG_COMPILER_GLOBAL_ACCENT_COLOR_NAME = AccentColor;
				CODE_SIGN_STYLE = Automatic;
				INFOPLIST_FILE = Parstagram/Info.plist;
				LD_RUNPATH_SEARCH_PATHS = (
					"$(inherited)",
					"@executable_path/Frameworks",
				);
				PRODUCT_BUNDLE_IDENTIFIER = Codepath.Parstagram;
				PRODUCT_NAME = "$(TARGET_NAME)";
				SWIFT_VERSION = 5.0;
				TARGETED_DEVICE_FAMILY = "1,2";
			};
			name = Release;
		};
		A3565DFC2603A88600D7EA62 /* Debug */ = {
			isa = XCBuildConfiguration;
			baseConfigurationReference = 2564E354B16647ED04BA90E2 /* Pods-ParstagramTests.debug.xcconfig */;
			buildSettings = {
				ALWAYS_EMBED_SWIFT_STANDARD_LIBRARIES = YES;
				BUNDLE_LOADER = "$(TEST_HOST)";
				CODE_SIGN_STYLE = Automatic;
				INFOPLIST_FILE = ParstagramTests/Info.plist;
				IPHONEOS_DEPLOYMENT_TARGET = 14.2;
				LD_RUNPATH_SEARCH_PATHS = (
					"$(inherited)",
					"@executable_path/Frameworks",
					"@loader_path/Frameworks",
				);
				PRODUCT_BUNDLE_IDENTIFIER = Codepath.ParstagramTests;
				PRODUCT_NAME = "$(TARGET_NAME)";
				SWIFT_VERSION = 5.0;
				TARGETED_DEVICE_FAMILY = "1,2";
				TEST_HOST = "$(BUILT_PRODUCTS_DIR)/Parstagram.app/Parstagram";
			};
			name = Debug;
		};
		A3565DFD2603A88600D7EA62 /* Release */ = {
			isa = XCBuildConfiguration;
			baseConfigurationReference = D84B0029A068633F84D7EC7E /* Pods-ParstagramTests.release.xcconfig */;
			buildSettings = {
				ALWAYS_EMBED_SWIFT_STANDARD_LIBRARIES = YES;
				BUNDLE_LOADER = "$(TEST_HOST)";
				CODE_SIGN_STYLE = Automatic;
				INFOPLIST_FILE = ParstagramTests/Info.plist;
				IPHONEOS_DEPLOYMENT_TARGET = 14.2;
				LD_RUNPATH_SEARCH_PATHS = (
					"$(inherited)",
					"@executable_path/Frameworks",
					"@loader_path/Frameworks",
				);
				PRODUCT_BUNDLE_IDENTIFIER = Codepath.ParstagramTests;
				PRODUCT_NAME = "$(TARGET_NAME)";
				SWIFT_VERSION = 5.0;
				TARGETED_DEVICE_FAMILY = "1,2";
				TEST_HOST = "$(BUILT_PRODUCTS_DIR)/Parstagram.app/Parstagram";
			};
			name = Release;
		};
		A3565DFF2603A88600D7EA62 /* Debug */ = {
			isa = XCBuildConfiguration;
			baseConfigurationReference = E84FAA632A3E08B272EE8867 /* Pods-Parstagram-ParstagramUITests.debug.xcconfig */;
			buildSettings = {
				ALWAYS_EMBED_SWIFT_STANDARD_LIBRARIES = YES;
				CODE_SIGN_STYLE = Automatic;
				INFOPLIST_FILE = ParstagramUITests/Info.plist;
				LD_RUNPATH_SEARCH_PATHS = (
					"$(inherited)",
					"@executable_path/Frameworks",
					"@loader_path/Frameworks",
				);
				PRODUCT_BUNDLE_IDENTIFIER = Codepath.ParstagramUITests;
				PRODUCT_NAME = "$(TARGET_NAME)";
				SWIFT_VERSION = 5.0;
				TARGETED_DEVICE_FAMILY = "1,2";
				TEST_TARGET_NAME = Parstagram;
			};
			name = Debug;
		};
		A3565E002603A88600D7EA62 /* Release */ = {
			isa = XCBuildConfiguration;
			baseConfigurationReference = 7E7F9B205025515EBC522F16 /* Pods-Parstagram-ParstagramUITests.release.xcconfig */;
			buildSettings = {
				ALWAYS_EMBED_SWIFT_STANDARD_LIBRARIES = YES;
				CODE_SIGN_STYLE = Automatic;
				INFOPLIST_FILE = ParstagramUITests/Info.plist;
				LD_RUNPATH_SEARCH_PATHS = (
					"$(inherited)",
					"@executable_path/Frameworks",
					"@loader_path/Frameworks",
				);
				PRODUCT_BUNDLE_IDENTIFIER = Codepath.ParstagramUITests;
				PRODUCT_NAME = "$(TARGET_NAME)";
				SWIFT_VERSION = 5.0;
				TARGETED_DEVICE_FAMILY = "1,2";
				TEST_TARGET_NAME = Parstagram;
			};
			name = Release;
		};
/* End XCBuildConfiguration section */

/* Begin XCConfigurationList section */
		A3565DC92603A88000D7EA62 /* Build configuration list for PBXProject "Parstagram" */ = {
			isa = XCConfigurationList;
			buildConfigurations = (
				A3565DF62603A88600D7EA62 /* Debug */,
				A3565DF72603A88600D7EA62 /* Release */,
			);
			defaultConfigurationIsVisible = 0;
			defaultConfigurationName = Release;
		};
		A3565DF82603A88600D7EA62 /* Build configuration list for PBXNativeTarget "Parstagram" */ = {
			isa = XCConfigurationList;
			buildConfigurations = (
				A3565DF92603A88600D7EA62 /* Debug */,
				A3565DFA2603A88600D7EA62 /* Release */,
			);
			defaultConfigurationIsVisible = 0;
			defaultConfigurationName = Release;
		};
		A3565DFB2603A88600D7EA62 /* Build configuration list for PBXNativeTarget "ParstagramTests" */ = {
			isa = XCConfigurationList;
			buildConfigurations = (
				A3565DFC2603A88600D7EA62 /* Debug */,
				A3565DFD2603A88600D7EA62 /* Release */,
			);
			defaultConfigurationIsVisible = 0;
			defaultConfigurationName = Release;
		};
		A3565DFE2603A88600D7EA62 /* Build configuration list for PBXNativeTarget "ParstagramUITests" */ = {
			isa = XCConfigurationList;
			buildConfigurations = (
				A3565DFF2603A88600D7EA62 /* Debug */,
				A3565E002603A88600D7EA62 /* Release */,
			);
			defaultConfigurationIsVisible = 0;
			defaultConfigurationName = Release;
		};
/* End XCConfigurationList section */
	};
	rootObject = A3565DC62603A88000D7EA62 /* Project object */;
}
